
Microsoft Visual Studio Solution File, Format Version 12.00
# Visual Studio 15
VisualStudioVersion = 15.0.27004.2005
MinimumVisualStudioVersion = 10.0.40219.1
Project("{FAE04EC0-301F-11D3-BF4B-00C04F79EFBC}") = "S00156269Rad2017MVC1", "S00156269Rad2017MVC1\S00156269Rad2017MVC1.csproj", "{68B7FB5C-11AB-458B-997F-C6161664D13D}"
EndProject
Global
	GlobalSection(SolutionConfigurationPlatforms) = preSolution
		Debug|Any CPU = Debug|Any CPU
		Release|Any CPU = Release|Any CPU
	EndGlobalSection
	GlobalSection(ProjectConfigurationPlatforms) = postSolution
		{68B7FB5C-11AB-458B-997F-C6161664D13D}.Debug|Any CPU.ActiveCfg = Debug|Any CPU
		{68B7FB5C-11AB-458B-997F-C6161664D13D}.Debug|Any CPU.Build.0 = Debug|Any CPU
		{68B7FB5C-11AB-458B-997F-C6161664D13D}.Release|Any CPU.ActiveCfg = Release|Any CPU
		{68B7FB5C-11AB-458B-997F-C6161664D13D}.Release|Any CPU.Build.0 = Release|Any CPU
	EndGlobalSection
	GlobalSection(SolutionProperties) = preSolution
		HideSolutionNode = FALSE
	EndGlobalSection
	GlobalSection(ExtensibilityGlobals) = postSolution
		SolutionGuid = {CA1A78A2-E65D-4829-8759-B90815F07A5C}
	EndGlobalSection
EndGlobal
